
Microsoft Visual Studio Solution File, Format Version 12.00
# Visual Studio 15
VisualStudioVersion = 15.0.28010.2046
MinimumVisualStudioVersion = 10.0.40219.1
Project("{FAE04EC0-301F-11D3-BF4B-00C04F79EFBC}") = "01_Try", "01_Try\01_Try.csproj", "{9E6386DD-1F5C-4908-8BBA-03E7971D0B9E}"
EndProject
Project("{FAE04EC0-301F-11D3-BF4B-00C04F79EFBC}") = "02_Finally", "02_Finally\02_Finally.csproj", "{45DBFACE-EB9D-4A10-BAD4-89EA132C6015}"
EndProject
Project("{FAE04EC0-301F-11D3-BF4B-00C04F79EFBC}") = "03_UsingStatement", "03_UsingStatement\03_UsingStatement.csproj", "{DCB6456F-F556-4FED-98B2-681CCEB33683}"
EndProject
Project("{FAE04EC0-301F-11D3-BF4B-00C04F79EFBC}") = "04_Throw", "04_Throw\04_Throw.csproj", "{78EE740C-E1F0-4730-B617-E979300FE208}"
EndProject
Global
	GlobalSection(SolutionConfigurationPlatforms) = preSolution
		Debug|Any CPU = Debug|Any CPU
		Release|Any CPU = Release|Any CPU
	EndGlobalSection
	GlobalSection(ProjectConfigurationPlatforms) = postSolution
		{9E6386DD-1F5C-4908-8BBA-03E7971D0B9E}.Debug|Any CPU.ActiveCfg = Debug|Any CPU
		{9E6386DD-1F5C-4908-8BBA-03E7971D0B9E}.Debug|Any CPU.Build.0 = Debug|Any CPU
		{9E6386DD-1F5C-4908-8BBA-03E7971D0B9E}.Release|Any CPU.ActiveCfg = Release|Any CPU
		{9E6386DD-1F5C-4908-8BBA-03E7971D0B9E}.Release|Any CPU.Build.0 = Release|Any CPU
		{45DBFACE-EB9D-4A10-BAD4-89EA132C6015}.Debug|Any CPU.ActiveCfg = Debug|Any CPU
		{45DBFACE-EB9D-4A10-BAD4-89EA132C6015}.Debug|Any CPU.Build.0 = Debug|Any CPU
		{45DBFACE-EB9D-4A10-BAD4-89EA132C6015}.Release|Any CPU.ActiveCfg = Release|Any CPU
		{45DBFACE-EB9D-4A10-BAD4-89EA132C6015}.Release|Any CPU.Build.0 = Release|Any CPU
		{DCB6456F-F556-4FED-98B2-681CCEB33683}.Debug|Any CPU.ActiveCfg = Debug|Any CPU
		{DCB6456F-F556-4FED-98B2-681CCEB33683}.Debug|Any CPU.Build.0 = Debug|Any CPU
		{DCB6456F-F556-4FED-98B2-681CCEB33683}.Release|Any CPU.ActiveCfg = Release|Any CPU
		{DCB6456F-F556-4FED-98B2-681CCEB33683}.Release|Any CPU.Build.0 = Release|Any CPU
		{78EE740C-E1F0-4730-B617-E979300FE208}.Debug|Any CPU.ActiveCfg = Debug|Any CPU
		{78EE740C-E1F0-4730-B617-E979300FE208}.Debug|Any CPU.Build.0 = Debug|Any CPU
		{78EE740C-E1F0-4730-B617-E979300FE208}.Release|Any CPU.ActiveCfg = Release|Any CPU
		{78EE740C-E1F0-4730-B617-E979300FE208}.Release|Any CPU.Build.0 = Release|Any CPU
	EndGlobalSection
	GlobalSection(SolutionProperties) = preSolution
		HideSolutionNode = FALSE
	EndGlobalSection
	GlobalSection(ExtensibilityGlobals) = postSolution
		SolutionGuid = {14CA53DC-65C6-4C4D-B017-60EC43502B85}
	EndGlobalSection
EndGlobal
