
Microsoft Visual Studio Solution File, Format Version 12.00
# Visual Studio 15
VisualStudioVersion = 15.0.28010.2046
MinimumVisualStudioVersion = 10.0.40219.1
Project("{FAE04EC0-301F-11D3-BF4B-00C04F79EFBC}") = "01 Base", "01 Base\01 Base.csproj", "{AE79DB59-1FBB-4F3B-80D2-6693B6D8F71A}"
EndProject
Project("{FAE04EC0-301F-11D3-BF4B-00C04F79EFBC}") = "02 CastTypes", "02 CastTypes\02 CastTypes.csproj", "{3E04C689-47C9-43EB-96B4-E44EA6C09046}"
EndProject
Global
	GlobalSection(SolutionConfigurationPlatforms) = preSolution
		Debug|Any CPU = Debug|Any CPU
		Release|Any CPU = Release|Any CPU
	EndGlobalSection
	GlobalSection(ProjectConfigurationPlatforms) = postSolution
		{AE79DB59-1FBB-4F3B-80D2-6693B6D8F71A}.Debug|Any CPU.ActiveCfg = Debug|Any CPU
		{AE79DB59-1FBB-4F3B-80D2-6693B6D8F71A}.Debug|Any CPU.Build.0 = Debug|Any CPU
		{AE79DB59-1FBB-4F3B-80D2-6693B6D8F71A}.Release|Any CPU.ActiveCfg = Release|Any CPU
		{AE79DB59-1FBB-4F3B-80D2-6693B6D8F71A}.Release|Any CPU.Build.0 = Release|Any CPU
		{3E04C689-47C9-43EB-96B4-E44EA6C09046}.Debug|Any CPU.ActiveCfg = Debug|Any CPU
		{3E04C689-47C9-43EB-96B4-E44EA6C09046}.Debug|Any CPU.Build.0 = Debug|Any CPU
		{3E04C689-47C9-43EB-96B4-E44EA6C09046}.Release|Any CPU.ActiveCfg = Release|Any CPU
		{3E04C689-47C9-43EB-96B4-E44EA6C09046}.Release|Any CPU.Build.0 = Release|Any CPU
	EndGlobalSection
	GlobalSection(SolutionProperties) = preSolution
		HideSolutionNode = FALSE
	EndGlobalSection
	GlobalSection(ExtensibilityGlobals) = postSolution
		SolutionGuid = {4C4EB544-E5DB-4786-A3EB-E1D4571E2A68}
	EndGlobalSection
EndGlobal
